<Solution>
  <Project Path="SecretariaIa.Api/SecretariaIa.Api.csproj" />
  <Project Path="SecretariaIa.Common/SecretariaIa.Common.csproj" Id="e5440995-11ce-4e38-ac9a-62e9c35621a7" />
  <Project Path="SecretariaIa.Domain/SecretariaIa.Domain.csproj" Id="1a7b34d0-e0d3-4df2-9e75-d9cbba01aae9" />
  <Project Path="SecretariaIa.Infrasctructure/SecretariaIa.Infrasctructure.csproj" Id="cf3b8410-1579-404b-abba-910853bac4f4" />
</Solution>
